id: dsdcc_dsdcc_block
label: DSDcc Block
category: '[DSDcc]'

templates:
  imports: from gnuradio import dsdcc
  make: dsdcc.dsdcc_block(${mode})

parameters:
- id: mode
  label: Decode Mode
  dtype: enum
  options: [dsdcc.DSDDecodeAuto, dsdcc.DSDDecodeP25P1,
      dsdcc.DSDDecodeDStar, dsdcc.DSDDecodeNXDN48, dsdcc.DSDDecodeNXDN96,
      dsdcc.DSDDecodeProVoice, dsdcc.DSDDecodeDMR, dsdcc.DSDDecodeX2TDMA,
      dsdcc.DSDDecodeDPMR, dsdcc.DSDDecodeYSF]
  option_labels: [Auto-detect, P25 Phase 1,
      D-STAR, NXDN48 (6.25 kHz), NXDN96 (12.5 kHz),
      ProVoice, DMR/MOTOTRBO, X2-TDMA,
      DPMR Tier 1 or 2 (6.25 kHz), YSF]

inputs:
- label: in
  domain: stream
  dtype: float

outputs:
- label: out1
  domain: stream
  dtype: float
- label: out2
  domain: stream
  dtype: float

file_format: 1
